<?xml version="1.0" encoding="UTF-8" standalone="yes" ?>
<CodeBlocks_project_file>
	<FileVersion major="1" minor="6" />
	<Project>
		<Option title="xml2json" />
		<Option compiler="gcc" />
		<Build>
			<Target title="Release">
				<Option output="../test/xml2json" prefix_auto="1" extension_auto="1" />
				<Option working_dir="../test" />
				<Option object_output="../" />
				<Option type="1" />
				<Option compiler="gcc" />
				<Compiler>
					<Add option="-I../include/ -O3" />
				</Compiler>
				<Linker>
					<Add option="-s" />
				</Linker>
			</Target>
		</Build>
		<Compiler>
			<Add option="-Wall" />
			<Add option="-fexceptions" />
		</Compiler>
		<Unit filename="../include/rapidjson/allocators.h">
			<Option target="Release" />
		</Unit>
		<Unit filename="../include/rapidjson/document.h">
			<Option target="Release" />
		</Unit>
		<Unit filename="../include/rapidjson/encodedstream.h">
			<Option target="Release" />
		</Unit>
		<Unit filename="../include/rapidjson/encodings.h">
			<Option target="Release" />
		</Unit>
		<Unit filename="../include/rapidjson/filereadstream.h">
			<Option target="Release" />
		</Unit>
		<Unit filename="../include/rapidjson/filestream.h">
			<Option target="Release" />
		</Unit>
		<Unit filename="../include/rapidjson/filewritestream.h">
			<Option target="Release" />
		</Unit>
		<Unit filename="../include/rapidjson/internal/pow10.h">
			<Option target="Release" />
		</Unit>
		<Unit filename="../include/rapidjson/internal/stack.h">
			<Option target="Release" />
		</Unit>
		<Unit filename="../include/rapidjson/internal/strfunc.h">
			<Option target="Release" />
		</Unit>
		<Unit filename="../include/rapidjson/prettywriter.h">
			<Option target="Release" />
		</Unit>
		<Unit filename="../include/rapidjson/rapidjson.h">
			<Option target="Release" />
		</Unit>
		<Unit filename="../include/rapidjson/reader.h">
			<Option target="Release" />
		</Unit>
		<Unit filename="../include/rapidjson/stringbuffer.h">
			<Option target="Release" />
		</Unit>
		<Unit filename="../include/rapidjson/writer.h">
			<Option target="Release" />
		</Unit>
		<Unit filename="../include/rapidxml/rapidxml.hpp">
			<Option target="Release" />
		</Unit>
		<Unit filename="../include/rapidxml/rapidxml_iterators.hpp">
			<Option target="Release" />
		</Unit>
		<Unit filename="../include/rapidxml/rapidxml_print.hpp">
			<Option target="Release" />
		</Unit>
		<Unit filename="../include/rapidxml/rapidxml_utils.hpp">
			<Option target="Release" />
		</Unit>
		<Unit filename="../include/xml2json.hpp">
			<Option target="Release" />
		</Unit>
		<Unit filename="../test/xml2json.cpp">
			<Option target="Release" />
		</Unit>
		<Extensions>
			<code_completion />
			<envvars />
			<debugger />
			<lib_finder disable_auto="1" />
		</Extensions>
	</Project>
</CodeBlocks_project_file>
